
Microsoft Visual Studio Solution File, Format Version 12.00
# Visual Studio Version 17
VisualStudioVersion = 17.8.34701.33
MinimumVisualStudioVersion = 10.0.40219.1
Project("{9A19103F-16F7-4668-BE54-9A1E7A4F7556}") = "PCRepairService", "PCRepairService\PCRepairService.csproj", "{1A2C33A3-A135-42C6-83CC-8ABCCD61C8C3}"
EndProject
Project("{9A19103F-16F7-4668-BE54-9A1E7A4F7556}") = "MessagingReceiver", "MessagingReceiver\MessagingReceiver.csproj", "{A83DA306-41A5-4C4A-9650-E729A9ABAF68}"
EndProject
Project("{FAE04EC0-301F-11D3-BF4B-00C04F79EFBC}") = "RepairPlanner", "RepairPlanner\RepairPlanner.csproj", "{D93CCA09-B4FE-4DED-9BF9-91C4B8BD2C7C}"
EndProject
Global
	GlobalSection(SolutionConfigurationPlatforms) = preSolution
		Debug|Any CPU = Debug|Any CPU
		Release|Any CPU = Release|Any CPU
	EndGlobalSection
	GlobalSection(ProjectConfigurationPlatforms) = postSolution
		{1A2C33A3-A135-42C6-83CC-8ABCCD61C8C3}.Debug|Any CPU.ActiveCfg = Debug|Any CPU
		{1A2C33A3-A135-42C6-83CC-8ABCCD61C8C3}.Debug|Any CPU.Build.0 = Debug|Any CPU
		{1A2C33A3-A135-42C6-83CC-8ABCCD61C8C3}.Release|Any CPU.ActiveCfg = Release|Any CPU
		{1A2C33A3-A135-42C6-83CC-8ABCCD61C8C3}.Release|Any CPU.Build.0 = Release|Any CPU
		{A83DA306-41A5-4C4A-9650-E729A9ABAF68}.Debug|Any CPU.ActiveCfg = Debug|Any CPU
		{A83DA306-41A5-4C4A-9650-E729A9ABAF68}.Debug|Any CPU.Build.0 = Debug|Any CPU
		{A83DA306-41A5-4C4A-9650-E729A9ABAF68}.Release|Any CPU.ActiveCfg = Release|Any CPU
		{A83DA306-41A5-4C4A-9650-E729A9ABAF68}.Release|Any CPU.Build.0 = Release|Any CPU
		{D93CCA09-B4FE-4DED-9BF9-91C4B8BD2C7C}.Debug|Any CPU.ActiveCfg = Debug|Any CPU
		{D93CCA09-B4FE-4DED-9BF9-91C4B8BD2C7C}.Debug|Any CPU.Build.0 = Debug|Any CPU
		{D93CCA09-B4FE-4DED-9BF9-91C4B8BD2C7C}.Release|Any CPU.ActiveCfg = Release|Any CPU
		{D93CCA09-B4FE-4DED-9BF9-91C4B8BD2C7C}.Release|Any CPU.Build.0 = Release|Any CPU
	EndGlobalSection
	GlobalSection(SolutionProperties) = preSolution
		HideSolutionNode = FALSE
	EndGlobalSection
	GlobalSection(ExtensibilityGlobals) = postSolution
		SolutionGuid = {A94CE06D-9F38-4C52-BB79-86BAB936F1C0}
	EndGlobalSection
EndGlobal
